
Microsoft Visual Studio Solution File, Format Version 12.00
# Visual Studio Version 16
VisualStudioVersion = 16.0.30804.86
MinimumVisualStudioVersion = 10.0.40219.1
Project("{FAE04EC0-301F-11D3-BF4B-00C04F79EFBC}") = "DnDProject.Entities", "DnDProject.Entities.csproj", "{77738C30-26BB-497E-91E6-62520559653B}"
EndProject
Global
	GlobalSection(SolutionConfigurationPlatforms) = preSolution
		Debug|Any CPU = Debug|Any CPU
		Release|Any CPU = Release|Any CPU
	EndGlobalSection
	GlobalSection(ProjectConfigurationPlatforms) = postSolution
		{77738C30-26BB-497E-91E6-62520559653B}.Debug|Any CPU.ActiveCfg = Debug|Any CPU
		{77738C30-26BB-497E-91E6-62520559653B}.Debug|Any CPU.Build.0 = Debug|Any CPU
		{77738C30-26BB-497E-91E6-62520559653B}.Release|Any CPU.ActiveCfg = Release|Any CPU
		{77738C30-26BB-497E-91E6-62520559653B}.Release|Any CPU.Build.0 = Release|Any CPU
	EndGlobalSection
	GlobalSection(SolutionProperties) = preSolution
		HideSolutionNode = FALSE
	EndGlobalSection
	GlobalSection(ExtensibilityGlobals) = postSolution
		SolutionGuid = {1C85F2FD-51C0-4693-8904-07F601EC6155}
	EndGlobalSection
EndGlobal
